{
  "name": "cryptomancy-source",
  "version": "1.0.1",
  "lockfileVersion": 1,
  "requires": true,
  "dependencies": {
    "cryptomancy-util": {
      "version": "1.0.1",
      "resolved": "https://registry.npmjs.org/cryptomancy-util/-/cryptomancy-util-1.0.1.tgz",
      "integrity": "sha512-DqeuFb1NgTl4BCqgoKZaGk70lrXA5Z7rpMeCKUUApuBu2zFpARcSOdmrLyqhBi6s6qzKNGIOdlhTYkM28j9eGw=="
    },
    "tweetnacl": {
      "version": "1.0.0",
      "resolved": "https://registry.npmjs.org/tweetnacl/-/tweetnacl-1.0.0.tgz",
      "integrity": "sha1-cT2LgY2kIGh0C/aDhtBHnmb8ins="
    }
  }
}
